{
  "name": "javascript",
  "version": "1.0.0",
  "lockfileVersion": 2,
  "requires": true,
  "packages": {
    "": {
      "name": "javascript",
      "version": "1.0.0",
      "license": "ISC",
      "dependencies": {
        "core-js": "^3.32.1",
        "fs": "^0.0.1-security"
      },
      "devDependencies": {
        "@types/node": "^20.5.9"
      }
    },
    "node_modules/@types/node": {
      "version": "20.5.9",
      "resolved": "https://registry.npmjs.org/@types/node/-/node-20.5.9.tgz",
      "integrity": "sha512-PcGNd//40kHAS3sTlzKB9C9XL4K0sTup8nbG5lC14kzEteTNuAFh9u5nA0o5TWnSG2r/JNPRXFVcHJIIeRlmqQ==",
      "dev": true
    },
    "node_modules/core-js": {
      "version": "3.32.1",
      "resolved": "https://registry.npmjs.org/core-js/-/core-js-3.32.1.tgz",
      "integrity": "sha512-lqufgNn9NLnESg5mQeYsxQP5w7wrViSj0jr/kv6ECQiByzQkrn1MKvV0L3acttpDqfQrHLwr2KCMgX5b8X+lyQ==",
      "hasInstallScript": true,
      "funding": {
        "type": "opencollective",
        "url": "https://opencollective.com/core-js"
      }
    },
    "node_modules/fs": {
      "version": "0.0.1-security",
      "resolved": "https://registry.npmjs.org/fs/-/fs-0.0.1-security.tgz",
      "integrity": "sha512-3XY9e1pP0CVEUCdj5BmfIZxRBTSDycnbqhIOGec9QYtmVH2fbLpj86CFWkrNOkt/Fvty4KZG5lTglL9j/gJ87w=="
    }
  },
  "dependencies": {
    "@types/node": {
      "version": "20.5.9",
      "resolved": "https://registry.npmjs.org/@types/node/-/node-20.5.9.tgz",
      "integrity": "sha512-PcGNd//40kHAS3sTlzKB9C9XL4K0sTup8nbG5lC14kzEteTNuAFh9u5nA0o5TWnSG2r/JNPRXFVcHJIIeRlmqQ==",
      "dev": true
    },
    "core-js": {
      "version": "3.32.1",
      "resolved": "https://registry.npmjs.org/core-js/-/core-js-3.32.1.tgz",
      "integrity": "sha512-lqufgNn9NLnESg5mQeYsxQP5w7wrViSj0jr/kv6ECQiByzQkrn1MKvV0L3acttpDqfQrHLwr2KCMgX5b8X+lyQ=="
    },
    "fs": {
      "version": "0.0.1-security",
      "resolved": "https://registry.npmjs.org/fs/-/fs-0.0.1-security.tgz",
      "integrity": "sha512-3XY9e1pP0CVEUCdj5BmfIZxRBTSDycnbqhIOGec9QYtmVH2fbLpj86CFWkrNOkt/Fvty4KZG5lTglL9j/gJ87w=="
    }
  }
}
